github.com/alditegarprakoso/go-say-hello v1.0.0 h1:ngAyl8/u6Eum+z3Dq1g2iRzQpoIGUBwsHCpokazRmnM=
github.com/alditegarprakoso/go-say-hello v1.0.0/go.mod h1:dm26QdcnK1p2jabLR73BZdb8kJRwY4J5lDnDVkz+uG4=
github.com/alditegarprakoso/go-say-hello v1.5.0 h1:ObFDNQqH903dc7HTy75v+pQxGW+5x2nUrmkEp94HKq8=
github.com/alditegarprakoso/go-say-hello v1.5.0/go.mod h1:dm26QdcnK1p2jabLR73BZdb8kJRwY4J5lDnDVkz+uG4=
